
Microsoft Visual Studio Solution File, Format Version 12.00
# Visual Studio Version 17
VisualStudioVersion = 17.1.32421.90
MinimumVisualStudioVersion = 10.0.40219.1
Project("{8BC9CEB8-8B4A-11D0-8D11-00A0C91BC942}") = "W2-P1", "W2-P1.vcxproj", "{B071339A-5273-4A06-BCCB-EDCD7CF7F934}"
EndProject
Global
	GlobalSection(SolutionConfigurationPlatforms) = preSolution
		Debug|x64 = Debug|x64
		Debug|x86 = Debug|x86
		Release|x64 = Release|x64
		Release|x86 = Release|x86
	EndGlobalSection
	GlobalSection(ProjectConfigurationPlatforms) = postSolution
		{B071339A-5273-4A06-BCCB-EDCD7CF7F934}.Debug|x64.ActiveCfg = Debug|x64
		{B071339A-5273-4A06-BCCB-EDCD7CF7F934}.Debug|x64.Build.0 = Debug|x64
		{B071339A-5273-4A06-BCCB-EDCD7CF7F934}.Debug|x86.ActiveCfg = Debug|Win32
		{B071339A-5273-4A06-BCCB-EDCD7CF7F934}.Debug|x86.Build.0 = Debug|Win32
		{B071339A-5273-4A06-BCCB-EDCD7CF7F934}.Release|x64.ActiveCfg = Release|x64
		{B071339A-5273-4A06-BCCB-EDCD7CF7F934}.Release|x64.Build.0 = Release|x64
		{B071339A-5273-4A06-BCCB-EDCD7CF7F934}.Release|x86.ActiveCfg = Release|Win32
		{B071339A-5273-4A06-BCCB-EDCD7CF7F934}.Release|x86.Build.0 = Release|Win32
	EndGlobalSection
	GlobalSection(SolutionProperties) = preSolution
		HideSolutionNode = FALSE
	EndGlobalSection
	GlobalSection(ExtensibilityGlobals) = postSolution
		SolutionGuid = {B7D65CB1-99B3-46B7-A923-29A4D72CCF7D}
	EndGlobalSection
EndGlobal
